
Microsoft Visual Studio Solution File, Format Version 12.00
# Visual Studio Version 16
VisualStudioVersion = 16.0.31829.152
MinimumVisualStudioVersion = 10.0.40219.1
Project("{FAE04EC0-301F-11D3-BF4B-00C04F79EFBC}") = "SimpleBindingDemo", "SimpleBindingDemo.csproj", "{11BD3C1B-792D-4C51-961E-0D9B8BC8B1A3}"
EndProject
Project("{FAE04EC0-301F-11D3-BF4B-00C04F79EFBC}") = "WpfAppDemo2", "..\WpfAppDemo2\WpfAppDemo2.csproj", "{879DAEB9-1536-4C7F-9804-2D8D969AFD53}"
EndProject
Global
	GlobalSection(SolutionConfigurationPlatforms) = preSolution
		Debug|Any CPU = Debug|Any CPU
		Release|Any CPU = Release|Any CPU
	EndGlobalSection
	GlobalSection(ProjectConfigurationPlatforms) = postSolution
		{11BD3C1B-792D-4C51-961E-0D9B8BC8B1A3}.Debug|Any CPU.ActiveCfg = Debug|Any CPU
		{11BD3C1B-792D-4C51-961E-0D9B8BC8B1A3}.Debug|Any CPU.Build.0 = Debug|Any CPU
		{11BD3C1B-792D-4C51-961E-0D9B8BC8B1A3}.Release|Any CPU.ActiveCfg = Release|Any CPU
		{11BD3C1B-792D-4C51-961E-0D9B8BC8B1A3}.Release|Any CPU.Build.0 = Release|Any CPU
		{879DAEB9-1536-4C7F-9804-2D8D969AFD53}.Debug|Any CPU.ActiveCfg = Debug|Any CPU
		{879DAEB9-1536-4C7F-9804-2D8D969AFD53}.Debug|Any CPU.Build.0 = Debug|Any CPU
		{879DAEB9-1536-4C7F-9804-2D8D969AFD53}.Release|Any CPU.ActiveCfg = Release|Any CPU
		{879DAEB9-1536-4C7F-9804-2D8D969AFD53}.Release|Any CPU.Build.0 = Release|Any CPU
	EndGlobalSection
	GlobalSection(SolutionProperties) = preSolution
		HideSolutionNode = FALSE
	EndGlobalSection
	GlobalSection(ExtensibilityGlobals) = postSolution
		SolutionGuid = {6106A2F7-CB6E-43B1-9360-411A7FD2BD3C}
	EndGlobalSection
EndGlobal
